
Microsoft Visual Studio Solution File, Format Version 12.00
# Visual Studio Version 17
VisualStudioVersion = 17.11.35327.3
MinimumVisualStudioVersion = 10.0.40219.1
Project("{8BC9CEB8-8B4A-11D0-8D11-00A0C91BC942}") = "ConsoleApplication1", "ConsoleApplication1\ConsoleApplication1.vcxproj", "{6815A33C-3E51-458A-9F7E-3E9FEAD55A00}"
EndProject
Project("{8BC9CEB8-8B4A-11D0-8D11-00A0C91BC942}") = "UnitTest1", "UnitTest1\UnitTest1.vcxproj", "{CC8B2FD2-57C8-49D4-BD1F-5C951B9D2F35}"
EndProject
Global
	GlobalSection(SolutionConfigurationPlatforms) = preSolution
		Debug|x64 = Debug|x64
		Debug|x86 = Debug|x86
		Release|x64 = Release|x64
		Release|x86 = Release|x86
	EndGlobalSection
	GlobalSection(ProjectConfigurationPlatforms) = postSolution
		{6815A33C-3E51-458A-9F7E-3E9FEAD55A00}.Debug|x64.ActiveCfg = Debug|x64
		{6815A33C-3E51-458A-9F7E-3E9FEAD55A00}.Debug|x64.Build.0 = Debug|x64
		{6815A33C-3E51-458A-9F7E-3E9FEAD55A00}.Debug|x86.ActiveCfg = Debug|Win32
		{6815A33C-3E51-458A-9F7E-3E9FEAD55A00}.Debug|x86.Build.0 = Debug|Win32
		{6815A33C-3E51-458A-9F7E-3E9FEAD55A00}.Release|x64.ActiveCfg = Release|x64
		{6815A33C-3E51-458A-9F7E-3E9FEAD55A00}.Release|x64.Build.0 = Release|x64
		{6815A33C-3E51-458A-9F7E-3E9FEAD55A00}.Release|x86.ActiveCfg = Release|Win32
		{6815A33C-3E51-458A-9F7E-3E9FEAD55A00}.Release|x86.Build.0 = Release|Win32
		{CC8B2FD2-57C8-49D4-BD1F-5C951B9D2F35}.Debug|x64.ActiveCfg = Debug|x64
		{CC8B2FD2-57C8-49D4-BD1F-5C951B9D2F35}.Debug|x64.Build.0 = Debug|x64
		{CC8B2FD2-57C8-49D4-BD1F-5C951B9D2F35}.Debug|x86.ActiveCfg = Debug|Win32
		{CC8B2FD2-57C8-49D4-BD1F-5C951B9D2F35}.Debug|x86.Build.0 = Debug|Win32
		{CC8B2FD2-57C8-49D4-BD1F-5C951B9D2F35}.Release|x64.ActiveCfg = Release|x64
		{CC8B2FD2-57C8-49D4-BD1F-5C951B9D2F35}.Release|x64.Build.0 = Release|x64
		{CC8B2FD2-57C8-49D4-BD1F-5C951B9D2F35}.Release|x86.ActiveCfg = Release|Win32
		{CC8B2FD2-57C8-49D4-BD1F-5C951B9D2F35}.Release|x86.Build.0 = Release|Win32
	EndGlobalSection
	GlobalSection(SolutionProperties) = preSolution
		HideSolutionNode = FALSE
	EndGlobalSection
	GlobalSection(ExtensibilityGlobals) = postSolution
		SolutionGuid = {B4131824-1C26-497D-9526-4EDBBEAA4F44}
	EndGlobalSection
EndGlobal
